
Microsoft Visual Studio Solution File, Format Version 12.00
# Visual Studio 15
VisualStudioVersion = 15.0.27004.2006
MinimumVisualStudioVersion = 10.0.40219.1
Project("{FAE04EC0-301F-11D3-BF4B-00C04F79EFBC}") = "CarDealer.Web", "CarDealer.Web\CarDealer.Web.csproj", "{E31DB262-2CA3-47ED-99ED-895DC3AA035A}"
EndProject
Project("{FAE04EC0-301F-11D3-BF4B-00C04F79EFBC}") = "CarDealer.Data", "CarDealer.Data\CarDealer.Data.csproj", "{9B877E47-9012-42E6-8D4F-3854725617D9}"
EndProject
Project("{FAE04EC0-301F-11D3-BF4B-00C04F79EFBC}") = "CarDealer.Services", "CarDealer.Services\CarDealer.Services.csproj", "{AA0EF48A-D023-482A-9B22-CE0B0A222262}"
EndProject
Global
	GlobalSection(SolutionConfigurationPlatforms) = preSolution
		Debug|Any CPU = Debug|Any CPU
		Release|Any CPU = Release|Any CPU
	EndGlobalSection
	GlobalSection(ProjectConfigurationPlatforms) = postSolution
		{E31DB262-2CA3-47ED-99ED-895DC3AA035A}.Debug|Any CPU.ActiveCfg = Debug|Any CPU
		{E31DB262-2CA3-47ED-99ED-895DC3AA035A}.Debug|Any CPU.Build.0 = Debug|Any CPU
		{E31DB262-2CA3-47ED-99ED-895DC3AA035A}.Release|Any CPU.ActiveCfg = Release|Any CPU
		{E31DB262-2CA3-47ED-99ED-895DC3AA035A}.Release|Any CPU.Build.0 = Release|Any CPU
		{9B877E47-9012-42E6-8D4F-3854725617D9}.Debug|Any CPU.ActiveCfg = Debug|Any CPU
		{9B877E47-9012-42E6-8D4F-3854725617D9}.Debug|Any CPU.Build.0 = Debug|Any CPU
		{9B877E47-9012-42E6-8D4F-3854725617D9}.Release|Any CPU.ActiveCfg = Release|Any CPU
		{9B877E47-9012-42E6-8D4F-3854725617D9}.Release|Any CPU.Build.0 = Release|Any CPU
		{AA0EF48A-D023-482A-9B22-CE0B0A222262}.Debug|Any CPU.ActiveCfg = Debug|Any CPU
		{AA0EF48A-D023-482A-9B22-CE0B0A222262}.Debug|Any CPU.Build.0 = Debug|Any CPU
		{AA0EF48A-D023-482A-9B22-CE0B0A222262}.Release|Any CPU.ActiveCfg = Release|Any CPU
		{AA0EF48A-D023-482A-9B22-CE0B0A222262}.Release|Any CPU.Build.0 = Release|Any CPU
	EndGlobalSection
	GlobalSection(SolutionProperties) = preSolution
		HideSolutionNode = FALSE
	EndGlobalSection
	GlobalSection(ExtensibilityGlobals) = postSolution
		SolutionGuid = {E1FC57F9-6E02-42A2-8CB7-C4D797D7D082}
	EndGlobalSection
EndGlobal
